
Microsoft Visual Studio Solution File, Format Version 12.00
# Visual Studio Version 16
VisualStudioVersion = 16.0.29230.47
MinimumVisualStudioVersion = 10.0.40219.1
Project("{FAE04EC0-301F-11D3-BF4B-00C04F79EFBC}") = "XamRayTracing.UWP", "XamRayTracing\XamRayTracing.UWP\XamRayTracing.UWP.csproj", "{5B1C8403-39E9-459B-B59F-9CF55F033304}"
EndProject
Project("{FAE04EC0-301F-11D3-BF4B-00C04F79EFBC}") = "XamRayTracing.Android", "XamRayTracing\XamRayTracing.Android\XamRayTracing.Android.csproj", "{8571AA31-4F8A-4BD2-B8CE-AA35E93AD627}"
EndProject
Project("{FAE04EC0-301F-11D3-BF4B-00C04F79EFBC}") = "XamRayTracing.iOS", "XamRayTracing\XamRayTracing.iOS\XamRayTracing.iOS.csproj", "{12DF46D8-CC73-4EF4-B5C1-D6A7A8FDF5A9}"
EndProject
Project("{FAE04EC0-301F-11D3-BF4B-00C04F79EFBC}") = "XamRayTracing", "XamRayTracing\XamRayTracing\XamRayTracing.csproj", "{AD5F317F-97C3-4871-B0C9-62F6E168148B}"
EndProject
Global
	GlobalSection(SolutionConfigurationPlatforms) = preSolution
		Debug|Any CPU = Debug|Any CPU
		Debug|ARM = Debug|ARM
		Debug|iPhone = Debug|iPhone
		Debug|iPhoneSimulator = Debug|iPhoneSimulator
		Debug|x64 = Debug|x64
		Debug|x86 = Debug|x86
		Release|Any CPU = Release|Any CPU
		Release|ARM = Release|ARM
		Release|iPhone = Release|iPhone
		Release|iPhoneSimulator = Release|iPhoneSimulator
		Release|x64 = Release|x64
		Release|x86 = Release|x86
	EndGlobalSection
	GlobalSection(ProjectConfigurationPlatforms) = postSolution
		{5B1C8403-39E9-459B-B59F-9CF55F033304}.Debug|Any CPU.ActiveCfg = Debug|x86
		{5B1C8403-39E9-459B-B59F-9CF55F033304}.Debug|Any CPU.Build.0 = Debug|x86
		{5B1C8403-39E9-459B-B59F-9CF55F033304}.Debug|Any CPU.Deploy.0 = Debug|x86
		{5B1C8403-39E9-459B-B59F-9CF55F033304}.Debug|ARM.ActiveCfg = Debug|ARM
		{5B1C8403-39E9-459B-B59F-9CF55F033304}.Debug|ARM.Build.0 = Debug|ARM
		{5B1C8403-39E9-459B-B59F-9CF55F033304}.Debug|ARM.Deploy.0 = Debug|ARM
		{5B1C8403-39E9-459B-B59F-9CF55F033304}.Debug|iPhone.ActiveCfg = Debug|x86
		{5B1C8403-39E9-459B-B59F-9CF55F033304}.Debug|iPhone.Build.0 = Debug|x86
		{5B1C8403-39E9-459B-B59F-9CF55F033304}.Debug|iPhone.Deploy.0 = Debug|x86
		{5B1C8403-39E9-459B-B59F-9CF55F033304}.Debug|iPhoneSimulator.ActiveCfg = Debug|x86
		{5B1C8403-39E9-459B-B59F-9CF55F033304}.Debug|iPhoneSimulator.Build.0 = Debug|x86
		{5B1C8403-39E9-459B-B59F-9CF55F033304}.Debug|iPhoneSimulator.Deploy.0 = Debug|x86
		{5B1C8403-39E9-459B-B59F-9CF55F033304}.Debug|x64.ActiveCfg = Debug|x64
		{5B1C8403-39E9-459B-B59F-9CF55F033304}.Debug|x64.Build.0 = Debug|x64
		{5B1C8403-39E9-459B-B59F-9CF55F033304}.Debug|x64.Deploy.0 = Debug|x64
		{5B1C8403-39E9-459B-B59F-9CF55F033304}.Debug|x86.ActiveCfg = Debug|x86
		{5B1C8403-39E9-459B-B59F-9CF55F033304}.Debug|x86.Build.0 = Debug|x86
		{5B1C8403-39E9-459B-B59F-9CF55F033304}.Debug|x86.Deploy.0 = Debug|x86
		{5B1C8403-39E9-459B-B59F-9CF55F033304}.Release|Any CPU.ActiveCfg = Release|x86
		{5B1C8403-39E9-459B-B59F-9CF55F033304}.Release|Any CPU.Build.0 = Release|x86
		{5B1C8403-39E9-459B-B59F-9CF55F033304}.Release|Any CPU.Deploy.0 = Release|x86
		{5B1C8403-39E9-459B-B59F-9CF55F033304}.Release|ARM.ActiveCfg = Release|ARM
		{5B1C8403-39E9-459B-B59F-9CF55F033304}.Release|ARM.Build.0 = Release|ARM
		{5B1C8403-39E9-459B-B59F-9CF55F033304}.Release|ARM.Deploy.0 = Release|ARM
		{5B1C8403-39E9-459B-B59F-9CF55F033304}.Release|iPhone.ActiveCfg = Release|x86
		{5B1C8403-39E9-459B-B59F-9CF55F033304}.Release|iPhone.Build.0 = Release|x86
		{5B1C8403-39E9-459B-B59F-9CF55F033304}.Release|iPhone.Deploy.0 = Release|x86
		{5B1C8403-39E9-459B-B59F-9CF55F033304}.Release|iPhoneSimulator.ActiveCfg = Release|x86
		{5B1C8403-39E9-459B-B59F-9CF55F033304}.Release|iPhoneSimulator.Build.0 = Release|x86
		{5B1C8403-39E9-459B-B59F-9CF55F033304}.Release|iPhoneSimulator.Deploy.0 = Release|x86
		{5B1C8403-39E9-459B-B59F-9CF55F033304}.Release|x64.ActiveCfg = Release|x64
		{5B1C8403-39E9-459B-B59F-9CF55F033304}.Release|x64.Build.0 = Release|x64
		{5B1C8403-39E9-459B-B59F-9CF55F033304}.Release|x64.Deploy.0 = Release|x64
		{5B1C8403-39E9-459B-B59F-9CF55F033304}.Release|x86.ActiveCfg = Release|x86
		{5B1C8403-39E9-459B-B59F-9CF55F033304}.Release|x86.Build.0 = Release|x86
		{5B1C8403-39E9-459B-B59F-9CF55F033304}.Release|x86.Deploy.0 = Release|x86
		{8571AA31-4F8A-4BD2-B8CE-AA35E93AD627}.Debug|Any CPU.ActiveCfg = Debug|Any CPU
		{8571AA31-4F8A-4BD2-B8CE-AA35E93AD627}.Debug|Any CPU.Build.0 = Debug|Any CPU
		{8571AA31-4F8A-4BD2-B8CE-AA35E93AD627}.Debug|Any CPU.Deploy.0 = Debug|Any CPU
		{8571AA31-4F8A-4BD2-B8CE-AA35E93AD627}.Debug|ARM.ActiveCfg = Debug|Any CPU
		{8571AA31-4F8A-4BD2-B8CE-AA35E93AD627}.Debug|ARM.Build.0 = Debug|Any CPU
		{8571AA31-4F8A-4BD2-B8CE-AA35E93AD627}.Debug|ARM.Deploy.0 = Debug|Any CPU
		{8571AA31-4F8A-4BD2-B8CE-AA35E93AD627}.Debug|iPhone.ActiveCfg = Debug|Any CPU
		{8571AA31-4F8A-4BD2-B8CE-AA35E93AD627}.Debug|iPhone.Build.0 = Debug|Any CPU
		{8571AA31-4F8A-4BD2-B8CE-AA35E93AD627}.Debug|iPhone.Deploy.0 = Debug|Any CPU
		{8571AA31-4F8A-4BD2-B8CE-AA35E93AD627}.Debug|iPhoneSimulator.ActiveCfg = Debug|Any CPU
		{8571AA31-4F8A-4BD2-B8CE-AA35E93AD627}.Debug|iPhoneSimulator.Build.0 = Debug|Any CPU
		{8571AA31-4F8A-4BD2-B8CE-AA35E93AD627}.Debug|iPhoneSimulator.Deploy.0 = Debug|Any CPU
		{8571AA31-4F8A-4BD2-B8CE-AA35E93AD627}.Debug|x64.ActiveCfg = Debug|Any CPU
		{8571AA31-4F8A-4BD2-B8CE-AA35E93AD627}.Debug|x64.Build.0 = Debug|Any CPU
		{8571AA31-4F8A-4BD2-B8CE-AA35E93AD627}.Debug|x64.Deploy.0 = Debug|Any CPU
		{8571AA31-4F8A-4BD2-B8CE-AA35E93AD627}.Debug|x86.ActiveCfg = Debug|Any CPU
		{8571AA31-4F8A-4BD2-B8CE-AA35E93AD627}.Debug|x86.Build.0 = Debug|Any CPU
		{8571AA31-4F8A-4BD2-B8CE-AA35E93AD627}.Debug|x86.Deploy.0 = Debug|Any CPU
		{8571AA31-4F8A-4BD2-B8CE-AA35E93AD627}.Release|Any CPU.ActiveCfg = Release|Any CPU
		{8571AA31-4F8A-4BD2-B8CE-AA35E93AD627}.Release|Any CPU.Build.0 = Release|Any CPU
		{8571AA31-4F8A-4BD2-B8CE-AA35E93AD627}.Release|Any CPU.Deploy.0 = Release|Any CPU
		{8571AA31-4F8A-4BD2-B8CE-AA35E93AD627}.Release|ARM.ActiveCfg = Release|Any CPU
		{8571AA31-4F8A-4BD2-B8CE-AA35E93AD627}.Release|ARM.Build.0 = Release|Any CPU
		{8571AA31-4F8A-4BD2-B8CE-AA35E93AD627}.Release|ARM.Deploy.0 = Release|Any CPU
		{8571AA31-4F8A-4BD2-B8CE-AA35E93AD627}.Release|iPhone.ActiveCfg = Release|Any CPU
		{8571AA31-4F8A-4BD2-B8CE-AA35E93AD627}.Release|iPhone.Build.0 = Release|Any CPU
		{8571AA31-4F8A-4BD2-B8CE-AA35E93AD627}.Release|iPhone.Deploy.0 = Release|Any CPU
		{8571AA31-4F8A-4BD2-B8CE-AA35E93AD627}.Release|iPhoneSimulator.ActiveCfg = Release|Any CPU
		{8571AA31-4F8A-4BD2-B8CE-AA35E93AD627}.Release|iPhoneSimulator.Build.0 = Release|Any CPU
		{8571AA31-4F8A-4BD2-B8CE-AA35E93AD627}.Release|iPhoneSimulator.Deploy.0 = Release|Any CPU
		{8571AA31-4F8A-4BD2-B8CE-AA35E93AD627}.Release|x64.ActiveCfg = Release|Any CPU
		{8571AA31-4F8A-4BD2-B8CE-AA35E93AD627}.Release|x64.Build.0 = Release|Any CPU
		{8571AA31-4F8A-4BD2-B8CE-AA35E93AD627}.Release|x64.Deploy.0 = Release|Any CPU
		{8571AA31-4F8A-4BD2-B8CE-AA35E93AD627}.Release|x86.ActiveCfg = Release|Any CPU
		{8571AA31-4F8A-4BD2-B8CE-AA35E93AD627}.Release|x86.Build.0 = Release|Any CPU
		{8571AA31-4F8A-4BD2-B8CE-AA35E93AD627}.Release|x86.Deploy.0 = Release|Any CPU
		{12DF46D8-CC73-4EF4-B5C1-D6A7A8FDF5A9}.Debug|Any CPU.ActiveCfg = Debug|iPhone
		{12DF46D8-CC73-4EF4-B5C1-D6A7A8FDF5A9}.Debug|Any CPU.Build.0 = Debug|iPhone
		{12DF46D8-CC73-4EF4-B5C1-D6A7A8FDF5A9}.Debug|Any CPU.Deploy.0 = Debug|iPhone
		{12DF46D8-CC73-4EF4-B5C1-D6A7A8FDF5A9}.Debug|ARM.ActiveCfg = Debug|iPhoneSimulator
		{12DF46D8-CC73-4EF4-B5C1-D6A7A8FDF5A9}.Debug|ARM.Build.0 = Debug|iPhoneSimulator
		{12DF46D8-CC73-4EF4-B5C1-D6A7A8FDF5A9}.Debug|ARM.Deploy.0 = Debug|iPhoneSimulator
		{12DF46D8-CC73-4EF4-B5C1-D6A7A8FDF5A9}.Debug|iPhone.ActiveCfg = Debug|iPhone
		{12DF46D8-CC73-4EF4-B5C1-D6A7A8FDF5A9}.Debug|iPhone.Build.0 = Debug|iPhone
		{12DF46D8-CC73-4EF4-B5C1-D6A7A8FDF5A9}.Debug|iPhone.Deploy.0 = Debug|iPhone
		{12DF46D8-CC73-4EF4-B5C1-D6A7A8FDF5A9}.Debug|iPhoneSimulator.ActiveCfg = Debug|iPhoneSimulator
		{12DF46D8-CC73-4EF4-B5C1-D6A7A8FDF5A9}.Debug|iPhoneSimulator.Build.0 = Debug|iPhoneSimulator
		{12DF46D8-CC73-4EF4-B5C1-D6A7A8FDF5A9}.Debug|iPhoneSimulator.Deploy.0 = Debug|iPhoneSimulator
		{12DF46D8-CC73-4EF4-B5C1-D6A7A8FDF5A9}.Debug|x64.ActiveCfg = Debug|iPhone
		{12DF46D8-CC73-4EF4-B5C1-D6A7A8FDF5A9}.Debug|x64.Build.0 = Debug|iPhone
		{12DF46D8-CC73-4EF4-B5C1-D6A7A8FDF5A9}.Debug|x64.Deploy.0 = Debug|iPhone
		{12DF46D8-CC73-4EF4-B5C1-D6A7A8FDF5A9}.Debug|x86.ActiveCfg = Debug|iPhone
		{12DF46D8-CC73-4EF4-B5C1-D6A7A8FDF5A9}.Debug|x86.Build.0 = Debug|iPhone
		{12DF46D8-CC73-4EF4-B5C1-D6A7A8FDF5A9}.Debug|x86.Deploy.0 = Debug|iPhone
		{12DF46D8-CC73-4EF4-B5C1-D6A7A8FDF5A9}.Release|Any CPU.ActiveCfg = Release|iPhone
		{12DF46D8-CC73-4EF4-B5C1-D6A7A8FDF5A9}.Release|Any CPU.Build.0 = Release|iPhone
		{12DF46D8-CC73-4EF4-B5C1-D6A7A8FDF5A9}.Release|Any CPU.Deploy.0 = Release|iPhone
		{12DF46D8-CC73-4EF4-B5C1-D6A7A8FDF5A9}.Release|ARM.ActiveCfg = Release|iPhone
		{12DF46D8-CC73-4EF4-B5C1-D6A7A8FDF5A9}.Release|ARM.Build.0 = Release|iPhone
		{12DF46D8-CC73-4EF4-B5C1-D6A7A8FDF5A9}.Release|ARM.Deploy.0 = Release|iPhone
		{12DF46D8-CC73-4EF4-B5C1-D6A7A8FDF5A9}.Release|iPhone.ActiveCfg = Release|iPhone
		{12DF46D8-CC73-4EF4-B5C1-D6A7A8FDF5A9}.Release|iPhone.Build.0 = Release|iPhone
		{12DF46D8-CC73-4EF4-B5C1-D6A7A8FDF5A9}.Release|iPhone.Deploy.0 = Release|iPhone
		{12DF46D8-CC73-4EF4-B5C1-D6A7A8FDF5A9}.Release|iPhoneSimulator.ActiveCfg = Release|iPhoneSimulator
		{12DF46D8-CC73-4EF4-B5C1-D6A7A8FDF5A9}.Release|iPhoneSimulator.Build.0 = Release|iPhoneSimulator
		{12DF46D8-CC73-4EF4-B5C1-D6A7A8FDF5A9}.Release|iPhoneSimulator.Deploy.0 = Release|iPhoneSimulator
		{12DF46D8-CC73-4EF4-B5C1-D6A7A8FDF5A9}.Release|x64.ActiveCfg = Release|iPhone
		{12DF46D8-CC73-4EF4-B5C1-D6A7A8FDF5A9}.Release|x64.Build.0 = Release|iPhone
		{12DF46D8-CC73-4EF4-B5C1-D6A7A8FDF5A9}.Release|x64.Deploy.0 = Release|iPhone
		{12DF46D8-CC73-4EF4-B5C1-D6A7A8FDF5A9}.Release|x86.ActiveCfg = Release|iPhone
		{12DF46D8-CC73-4EF4-B5C1-D6A7A8FDF5A9}.Release|x86.Build.0 = Release|iPhone
		{12DF46D8-CC73-4EF4-B5C1-D6A7A8FDF5A9}.Release|x86.Deploy.0 = Release|iPhone
		{AD5F317F-97C3-4871-B0C9-62F6E168148B}.Debug|Any CPU.ActiveCfg = Debug|Any CPU
		{AD5F317F-97C3-4871-B0C9-62F6E168148B}.Debug|Any CPU.Build.0 = Debug|Any CPU
		{AD5F317F-97C3-4871-B0C9-62F6E168148B}.Debug|Any CPU.Deploy.0 = Debug|Any CPU
		{AD5F317F-97C3-4871-B0C9-62F6E168148B}.Debug|ARM.ActiveCfg = Debug|Any CPU
		{AD5F317F-97C3-4871-B0C9-62F6E168148B}.Debug|ARM.Build.0 = Debug|Any CPU
		{AD5F317F-97C3-4871-B0C9-62F6E168148B}.Debug|ARM.Deploy.0 = Debug|Any CPU
		{AD5F317F-97C3-4871-B0C9-62F6E168148B}.Debug|iPhone.ActiveCfg = Debug|Any CPU
		{AD5F317F-97C3-4871-B0C9-62F6E168148B}.Debug|iPhone.Build.0 = Debug|Any CPU
		{AD5F317F-97C3-4871-B0C9-62F6E168148B}.Debug|iPhone.Deploy.0 = Debug|Any CPU
		{AD5F317F-97C3-4871-B0C9-62F6E168148B}.Debug|iPhoneSimulator.ActiveCfg = Debug|Any CPU
		{AD5F317F-97C3-4871-B0C9-62F6E168148B}.Debug|iPhoneSimulator.Build.0 = Debug|Any CPU
		{AD5F317F-97C3-4871-B0C9-62F6E168148B}.Debug|iPhoneSimulator.Deploy.0 = Debug|Any CPU
		{AD5F317F-97C3-4871-B0C9-62F6E168148B}.Debug|x64.ActiveCfg = Debug|Any CPU
		{AD5F317F-97C3-4871-B0C9-62F6E168148B}.Debug|x64.Build.0 = Debug|Any CPU
		{AD5F317F-97C3-4871-B0C9-62F6E168148B}.Debug|x64.Deploy.0 = Debug|Any CPU
		{AD5F317F-97C3-4871-B0C9-62F6E168148B}.Debug|x86.ActiveCfg = Debug|Any CPU
		{AD5F317F-97C3-4871-B0C9-62F6E168148B}.Debug|x86.Build.0 = Debug|Any CPU
		{AD5F317F-97C3-4871-B0C9-62F6E168148B}.Debug|x86.Deploy.0 = Debug|Any CPU
		{AD5F317F-97C3-4871-B0C9-62F6E168148B}.Release|Any CPU.ActiveCfg = Release|Any CPU
		{AD5F317F-97C3-4871-B0C9-62F6E168148B}.Release|Any CPU.Build.0 = Release|Any CPU
		{AD5F317F-97C3-4871-B0C9-62F6E168148B}.Release|Any CPU.Deploy.0 = Release|Any CPU
		{AD5F317F-97C3-4871-B0C9-62F6E168148B}.Release|ARM.ActiveCfg = Release|Any CPU
		{AD5F317F-97C3-4871-B0C9-62F6E168148B}.Release|ARM.Build.0 = Release|Any CPU
		{AD5F317F-97C3-4871-B0C9-62F6E168148B}.Release|ARM.Deploy.0 = Release|Any CPU
		{AD5F317F-97C3-4871-B0C9-62F6E168148B}.Release|iPhone.ActiveCfg = Release|Any CPU
		{AD5F317F-97C3-4871-B0C9-62F6E168148B}.Release|iPhone.Build.0 = Release|Any CPU
		{AD5F317F-97C3-4871-B0C9-62F6E168148B}.Release|iPhone.Deploy.0 = Release|Any CPU
		{AD5F317F-97C3-4871-B0C9-62F6E168148B}.Release|iPhoneSimulator.ActiveCfg = Release|Any CPU
		{AD5F317F-97C3-4871-B0C9-62F6E168148B}.Release|iPhoneSimulator.Build.0 = Release|Any CPU
		{AD5F317F-97C3-4871-B0C9-62F6E168148B}.Release|iPhoneSimulator.Deploy.0 = Release|Any CPU
		{AD5F317F-97C3-4871-B0C9-62F6E168148B}.Release|x64.ActiveCfg = Release|Any CPU
		{AD5F317F-97C3-4871-B0C9-62F6E168148B}.Release|x64.Build.0 = Release|Any CPU
		{AD5F317F-97C3-4871-B0C9-62F6E168148B}.Release|x64.Deploy.0 = Release|Any CPU
		{AD5F317F-97C3-4871-B0C9-62F6E168148B}.Release|x86.ActiveCfg = Release|Any CPU
		{AD5F317F-97C3-4871-B0C9-62F6E168148B}.Release|x86.Build.0 = Release|Any CPU
		{AD5F317F-97C3-4871-B0C9-62F6E168148B}.Release|x86.Deploy.0 = Release|Any CPU
	EndGlobalSection
	GlobalSection(SolutionProperties) = preSolution
		HideSolutionNode = FALSE
	EndGlobalSection
	GlobalSection(ExtensibilityGlobals) = postSolution
		SolutionGuid = {ABF41CAF-6662-4A36-BA74-E64CB5678971}
	EndGlobalSection
EndGlobal
